{
    "_meta": {
        "hash": {
            "sha256": "0a8aedaf277616fcf89923be5f9a57dbbfb177f398bf18b132537cac6c4a0c97"
        },
        "pipfile-spec": 6,
        "requires": {
            "python_version": "3.10"
        },
        "sources": [
            {
                "name": "pypi",
                "url": "https://pypi.org/simple",
                "verify_ssl": true
            }
        ]
    },
    "default": {
        "blinker": {
            "hashes": [
                "sha256:b4ce2265a7abece45e7cc896e98dbebe6cead56bcf805a3d23136d145f5445bf",
                "sha256:ba0efaa9080b619ff2f3459d1d500c57bddea4a6b424b60a91141db6fd2f08bc"
            ],
            "markers": "python_version >= '3.9'",
            "version": "==1.9.0"
        },
        "boto3": {
            "hashes": [
                "sha256:7071f8ce1f09113ca5630860fd590464e6325a4df55faae83c956225941016fc",
                "sha256:da7e78c03270be872ad78301892396ffea56647efcb2c3a8621ef46a905541ab"
            ],
            "index": "pypi",
            "markers": "python_version >= '3.8'",
            "version": "==1.34.133"
        },
        "botocore": {
            "hashes": [
                "sha256:5ea609aa4831a6589e32eef052a359ad8d7311733b4d86a9d35dab4bd3ec80ff",
                "sha256:f269dad8e17432d2527b97ed9f1fd30ec8dc705f8b818957170d1af484680ef2"
            ],
            "markers": "python_version >= '3.8'",
            "version": "==1.34.133"
        },
        "certifi": {
            "hashes": [
                "sha256:027692e4402ad994f1c42e52a4997a9763c646b73e4096e4d5d6db8af1d6f0fa",
                "sha256:e887ab5cee78ea814d3472169153c2d12cd43b14bd03329a39a9c6e2e80bfba7"
            ],
            "markers": "python_version >= '3.7'",
            "version": "==2026.2.25"
        },
        "charset-normalizer": {
            "hashes": [
                "sha256:06a7e86163334edfc5d20fe104db92fcd666e5a5df0977cb5680a506fe26cc8e",
                "sha256:0c173ce3a681f309f31b87125fecec7a5d1347261ea11ebbb856fa6006b23c8c",
                "sha256:0e28d62a8fc7a1fa411c43bd65e346f3bce9716dc51b897fbe930c5987b402d5",
                "sha256:0e901eb1049fdb80f5bd11ed5ea1e498ec423102f7a9b9e4645d5b8204ff2815",
                "sha256:11afb56037cbc4b1555a34dd69151e8e069bee82e613a73bef6e714ce733585f",
                "sha256:150b8ce8e830eb7ccb029ec9ca36022f756986aaaa7956aad6d9ec90089338c0",
                "sha256:172985e4ff804a7ad08eebec0a1640ece87ba5041d565fff23c8f99c1f389484",
                "sha256:197c1a244a274bb016dd8b79204850144ef77fe81c5b797dc389327adb552407",
                "sha256:1ae6b62897110aa7c79ea2f5dd38d1abca6db663687c0b1ad9aed6f6bae3d9d6",
                "sha256:1cf0a70018692f85172348fe06d3a4b63f94ecb055e13a00c644d368eb82e5b8",
                "sha256:1ed80ff870ca6de33f4d953fda4d55654b9a2b340ff39ab32fa3adbcd718f264",
                "sha256:22c6f0c2fbc31e76c3b8a86fba1a56eda6166e238c29cdd3d14befdb4a4e4815",
                "sha256:231d4da14bcd9301310faf492051bee27df11f2bc7549bc0bb41fef11b82daa2",
                "sha256:259695e2ccc253feb2a016303543d691825e920917e31f894ca1a687982b1de4",
                "sha256:2a24157fa36980478dd1770b585c0f30d19e18f4fb0c47c13aa568f871718579",
                "sha256:2b1a63e8224e401cafe7739f77efd3f9e7f5f2026bda4aead8e59afab537784f",
                "sha256:2bd9d128ef93637a5d7a6af25363cf5dec3fa21cf80e68055aad627f280e8afa",
                "sha256:2e1d8ca8611099001949d1cdfaefc510cf0f212484fe7c565f735b68c78c3c95",
                "sha256:2ef7fedc7a6ecbe99969cd09632516738a97eeb8bd7258bf8a0f23114c057dab",
                "sha256:2f7fdd9b6e6c529d6a2501a2d36b240109e78a8ceaef5687cfcfa2bbe671d297",
                "sha256:30f445ae60aad5e1f8bdbb3108e39f6fbc09f4ea16c815c66578878325f8f15a",
                "sha256:31215157227939b4fb3d740cd23fe27be0439afef67b785a1eb78a3ae69cba9e",
                "sha256:34315ff4fc374b285ad7f4a0bf7dcbfe769e1b104230d40f49f700d4ab6bbd84",
                "sha256:3516bbb8d42169de9e61b8520cbeeeb716f12f4ecfe3fd30a9919aa16c806ca8",
                "sha256:3778fd7d7cd04ae8f54651f4a7a0bd6e39a0cf20f801720a4c21d80e9b7ad6b0",
                "sha256:39f5068d35621da2881271e5c3205125cc456f54e9030d3f723288c873a71bf9",
                "sha256:404a1e552cf5b675a87f0651f8b79f5f1e6fd100ee88dc612f89aa16abd4486f",
                "sha256:419a9d91bd238052642a51938af8ac05da5b3343becde08d5cdeab9046df9ee1",
                "sha256:423fb7e748a08f854a08a222b983f4df1912b1daedce51a72bd24fe8f26a1843",
                "sha256:4482481cb0572180b6fd976a4d5c72a30263e98564da68b86ec91f0fe35e8565",
                "sha256:461598cd852bfa5a61b09cae2b1c02e2efcd166ee5516e243d540ac24bfa68a7",
                "sha256:47955475ac79cc504ef2704b192364e51d0d473ad452caedd0002605f780101c",
                "sha256:48696db7f18afb80a068821504296eb0787d9ce239b91ca15059d1d3eaacf13b",
                "sha256:4be9f4830ba8741527693848403e2c457c16e499100963ec711b1c6f2049b7c7",
                "sha256:4d1d02209e06550bdaef34af58e041ad71b88e624f5d825519da3a3308e22687",
                "sha256:4f41da960b196ea355357285ad1316a00099f22d0929fe168343b99b254729c9",
                "sha256:517ad0e93394ac532745129ceabdf2696b609ec9f87863d337140317ebce1c14",
                "sha256:51fb3c322c81d20567019778cb5a4a6f2dc1c200b886bc0d636238e364848c89",
                "sha256:5273b9f0b5835ff0350c0828faea623c68bfa65b792720c453e22b25cc72930f",
                "sha256:530d548084c4a9f7a16ed4a294d459b4f229db50df689bfe92027452452943a0",
                "sha256:530e8cebeea0d76bdcf93357aa5e41336f48c3dc709ac52da2bb167c5b8271d9",
                "sha256:54fae94be3d75f3e573c9a1b5402dc593de19377013c9a0e4285e3d402dd3a2a",
                "sha256:572d7c822caf521f0525ba1bce1a622a0b85cf47ffbdae6c9c19e3b5ac3c4389",
                "sha256:58c948d0d086229efc484fe2f30c2d382c86720f55cd9bc33591774348ad44e0",
                "sha256:5d11595abf8dd942a77883a39d81433739b287b6aa71620f15164f8096221b30",
                "sha256:5f8ddd609f9e1af8c7bd6e2aca279c931aefecd148a14402d4e368f3171769fd",
                "sha256:5feb91325bbceade6afab43eb3b508c63ee53579fe896c77137ded51c6b6958e",
                "sha256:60c74963d8350241a79cb8feea80e54d518f72c26db618862a8f53e5023deaf9",
                "sha256:613f19aa6e082cf96e17e3ffd89383343d0d589abda756b7764cf78361fd41dc",
                "sha256:659a1e1b500fac8f2779dd9e1570464e012f43e580371470b45277a27baa7532",
                "sha256:695f5c2823691a25f17bc5d5ffe79fa90972cc34b002ac6c843bb8a1720e950d",
                "sha256:69dd852c2f0ad631b8b60cfbe25a28c0058a894de5abb566619c205ce0550eae",
                "sha256:6cceb5473417d28edd20c6c984ab6fee6c6267d38d906823ebfe20b03d607dc2",
                "sha256:71be7e0e01753a89cf024abf7ecb6bca2c81738ead80d43004d9b5e3f1244e64",
                "sha256:74119174722c4349af9708993118581686f343adc1c8c9c007d59be90d077f3f",
                "sha256:74a2e659c7ecbc73562e2a15e05039f1e22c75b7c7618b4b574a3ea9118d1557",
                "sha256:7504e9b7dc05f99a9bbb4525c67a2c155073b44d720470a148b34166a69c054e",
                "sha256:79090741d842f564b1b2827c0b82d846405b744d31e84f18d7a7b41c20e473ff",
                "sha256:7a6967aaf043bceabab5412ed6bd6bd26603dae84d5cb75bf8d9a74a4959d398",
                "sha256:7bda6eebafd42133efdca535b04ccb338ab29467b3f7bf79569883676fc628db",
                "sha256:7edbed096e4a4798710ed6bc75dcaa2a21b68b6c356553ac4823c3658d53743a",
                "sha256:7f9019c9cb613f084481bd6a100b12e1547cf2efe362d873c2e31e4035a6fa43",
                "sha256:802168e03fba8bbc5ce0d866d589e4b1ca751d06edee69f7f3a19c5a9fe6b597",
                "sha256:80d0a5615143c0b3225e5e3ef22c8d5d51f3f72ce0ea6fb84c943546c7b25b6c",
                "sha256:82060f995ab5003a2d6e0f4ad29065b7672b6593c8c63559beefe5b443242c3e",
                "sha256:836ab36280f21fc1a03c99cd05c6b7af70d2697e374c7af0b61ed271401a72a2",
                "sha256:8761ac29b6c81574724322a554605608a9960769ea83d2c73e396f3df896ad54",
                "sha256:87725cfb1a4f1f8c2fc9890ae2f42094120f4b44db9360be5d99a4c6b0e03a9e",
                "sha256:899d28f422116b08be5118ef350c292b36fc15ec2daeb9ea987c89281c7bb5c4",
                "sha256:8bc5f0687d796c05b1e28ab0d38a50e6309906ee09375dd3aff6a9c09dd6e8f4",
                "sha256:8bea55c4eef25b0b19a0337dc4e3f9a15b00d569c77211fa8cde38684f234fb7",
                "sha256:8e5a94886bedca0f9b78fecd6afb6629142fd2605aa70a125d49f4edc6037ee6",
                "sha256:90ca27cd8da8118b18a52d5f547859cc1f8354a00cd1e8e5120df3e30d6279e5",
                "sha256:92734d4d8d187a354a556626c221cd1a892a4e0802ccb2af432a1d85ec012194",
                "sha256:947cf925bc916d90adba35a64c82aace04fa39b46b52d4630ece166655905a69",
                "sha256:95b52c68d64c1878818687a473a10547b3292e82b6f6fe483808fb1468e2f52f",
                "sha256:97d0235baafca5f2b09cf332cc275f021e694e8362c6bb9c96fc9a0eb74fc316",
                "sha256:9ca4c0b502ab399ef89248a2c84c54954f77a070f28e546a85e91da627d1301e",
                "sha256:9cc4fc6c196d6a8b76629a70ddfcd4635a6898756e2d9cac5565cf0654605d73",
                "sha256:9cc6e6d9e571d2f863fa77700701dae73ed5f78881efc8b3f9a4398772ff53e8",
                "sha256:a056d1ad2633548ca18ffa2f85c202cfb48b68615129143915b8dc72a806a923",
                "sha256:a26611d9987b230566f24a0a125f17fe0de6a6aff9f25c9f564aaa2721a5fb88",
                "sha256:a4474d924a47185a06411e0064b803c68be044be2d60e50e8bddcc2649957c1f",
                "sha256:a4ea868bc28109052790eb2b52a9ab33f3aa7adc02f96673526ff47419490e21",
                "sha256:a9e68c9d88823b274cf1e72f28cb5dc89c990edf430b0bfd3e2fb0785bfeabf4",
                "sha256:aa9cccf4a44b9b62d8ba8b4dd06c649ba683e4bf04eea606d2e94cfc2d6ff4d6",
                "sha256:ab30e5e3e706e3063bc6de96b118688cb10396b70bb9864a430f67df98c61ecc",
                "sha256:ac2393c73378fea4e52aa56285a3d64be50f1a12395afef9cce47772f60334c2",
                "sha256:ad8faf8df23f0378c6d527d8b0b15ea4a2e23c89376877c598c4870d1b2c7866",
                "sha256:b35b200d6a71b9839a46b9b7fff66b6638bb52fc9658aa58796b0326595d3021",
                "sha256:b3694e3f87f8ac7ce279d4355645b3c878d24d1424581b46282f24b92f5a4ae2",
                "sha256:b4ff1d35e8c5bd078be89349b6f3a845128e685e751b6ea1169cf2160b344c4d",
                "sha256:bbc8c8650c6e51041ad1be191742b8b421d05bbd3410f43fa2a00c8db87678e8",
                "sha256:bc72863f4d9aba2e8fd9085e63548a324ba706d2ea2c83b260da08a59b9482de",
                "sha256:bf625105bb9eef28a56a943fec8c8a98aeb80e7d7db99bd3c388137e6eb2d237",
                "sha256:c2274ca724536f173122f36c98ce188fd24ce3dad886ec2b7af859518ce008a4",
                "sha256:c45a03a4c69820a399f1dda9e1d8fbf3562eda46e7720458180302021b08f778",
                "sha256:c8ae56368f8cc97c7e40a7ee18e1cedaf8e780cd8bc5ed5ac8b81f238614facb",
                "sha256:c907cdc8109f6c619e6254212e794d6548373cc40e1ec75e6e3823d9135d29cc",
                "sha256:ca0276464d148c72defa8bb4390cce01b4a0e425f3b50d1435aa6d7a18107602",
                "sha256:cd5e2801c89992ed8c0a3f0293ae83c159a60d9a5d685005383ef4caca77f2c4",
                "sha256:d08ec48f0a1c48d75d0356cea971921848fb620fdeba805b28f937e90691209f",
                "sha256:d1a2ee9c1499fc8f86f4521f27a973c914b211ffa87322f4ee33bb35392da2c5",
                "sha256:d5f5d1e9def3405f60e3ca8232d56f35c98fb7bf581efcc60051ebf53cb8b611",
                "sha256:d60377dce4511655582e300dc1e5a5f24ba0cb229005a1d5c8d0cb72bb758ab8",
                "sha256:d73beaac5e90173ac3deb9928a74763a6d230f494e4bfb422c217a0ad8e629bf",
                "sha256:d7de2637729c67d67cf87614b566626057e95c303bc0a55ffe391f5205e7003d",
                "sha256:dad6e0f2e481fffdcf776d10ebee25e0ef89f16d691f1e5dee4b586375fdc64b",
                "sha256:dda86aba335c902b6149a02a55b38e96287157e609200811837678214ba2b1db",
                "sha256:df01808ee470038c3f8dc4f48620df7225c49c2d6639e38f96e6d6ac6e6f7b0e",
                "sha256:e1f6e2f00a6b8edb562826e4632e26d063ac10307e80f7461f7de3ad8ef3f077",
                "sha256:e25369dc110d58ddf29b949377a93e0716d72a24f62bad72b2b39f155949c1fd",
                "sha256:e3c701e954abf6fc03a49f7c579cc80c2c6cc52525340ca3186c41d3f33482ef",
                "sha256:e5bcc1a1ae744e0bb59641171ae53743760130600da8db48cbb6e4918e186e4e",
                "sha256:e68c14b04827dd76dcbd1aeea9e604e3e4b78322d8faf2f8132c7138efa340a8",
                "sha256:e8aeb10fcbe92767f0fa69ad5a72deca50d0dca07fbde97848997d778a50c9fe",
                "sha256:e985a16ff513596f217cee86c21371b8cd011c0f6f056d0920aa2d926c544058",
                "sha256:ecbbd45615a6885fe3240eb9db73b9e62518b611850fdf8ab08bd56de7ad2b17",
                "sha256:ee4ec14bc1680d6b0afab9aea2ef27e26d2024f18b24a2d7155a52b60da7e833",
                "sha256:ef5960d965e67165d75b7c7ffc60a83ec5abfc5c11b764ec13ea54fbef8b4421",
                "sha256:f0cdaecd4c953bfae0b6bb64910aaaca5a424ad9c72d85cb88417bb9814f7550",
                "sha256:f1ce721c8a7dfec21fcbdfe04e8f68174183cf4e8188e0645e92aa23985c57ff",
                "sha256:f50498891691e0864dc3da965f340fada0771f6142a378083dc4608f4ea513e2",
                "sha256:f5ea69428fa1b49573eef0cc44a1d43bebd45ad0c611eb7d7eac760c7ae771bc",
                "sha256:f61aa92e4aad0be58eb6eb4e0c21acf32cf8065f4b2cae5665da756c4ceef982",
                "sha256:f6e4333fb15c83f7d1482a76d45a0818897b3d33f00efd215528ff7c51b8e35d",
                "sha256:f820f24b09e3e779fe84c3c456cb4108a7aa639b0d1f02c28046e11bfcd088ed",
                "sha256:f98059e4fcd3e3e4e2d632b7cf81c2faae96c43c60b569e9c621468082f1d104",
                "sha256:fcce033e4021347d80ed9c66dcf1e7b1546319834b74445f561d2e2221de5659"
            ],
            "markers": "python_version >= '3.7'",
            "version": "==3.4.6"
        },
        "click": {
            "hashes": [
                "sha256:12ff4785d337a1bb490bb7e9c2b1ee5da3112e94a8622f26a6c77f5d2fc6842a",
                "sha256:981153a64e25f12d547d3426c367a4857371575ee7ad18df2a6183ab0545b2a6"
            ],
            "markers": "python_version >= '3.10'",
            "version": "==8.3.1"
        },
        "dash": {
            "hashes": [
                "sha256:3eefc9ac67003f93a06bc3e500cae0a6787c48e6c81f6f61514239ae2da414e4",
                "sha256:ee2d9c319de5dcc1314085710b72cd5fa63ff994d913bf72979b7130daeea28e"
            ],
            "index": "pypi",
            "markers": "python_version >= '3.8'",
            "version": "==2.17.1"
        },
        "dash-core-components": {
            "hashes": [
                "sha256:52b8e8cce13b18d0802ee3acbc5e888cb1248a04968f962d63d070400af2e346",
                "sha256:c6733874af975e552f95a1398a16c2ee7df14ce43fa60bb3718a3c6e0b63ffee"
            ],
            "version": "==2.0.0"
        },
        "dash-html-components": {
            "hashes": [
                "sha256:8703a601080f02619a6390998e0b3da4a5daabe97a1fd7a9cebc09d015f26e50",
                "sha256:b42cc903713c9706af03b3f2548bda4be7307a7cf89b7d6eae3da872717d1b63"
            ],
            "version": "==2.0.0"
        },
        "dash-table": {
            "hashes": [
                "sha256:18624d693d4c8ef2ddec99a6f167593437a7ea0bf153aa20f318c170c5bc7308",
                "sha256:19036fa352bb1c11baf38068ec62d172f0515f73ca3276c79dee49b95ddc16c9"
            ],
            "version": "==5.0.0"
        },
        "et-xmlfile": {
            "hashes": [
                "sha256:8eb9e2bc2f8c97e37a2dc85a09ecdcdec9d8a396530a6d5a33b30b9a92da0c5c",
                "sha256:a2ba85d1d6a74ef63837eed693bcb89c3f752169b0e3e7ae5b16ca5e1b3deada"
            ],
            "markers": "python_version >= '3.6'",
            "version": "==1.1.0"
        },
        "flask": {
            "hashes": [
                "sha256:0ef0e52b8a9cd932855379197dd8f94047b359ca0a78695144304cb45f87c9eb",
                "sha256:f4bcbefc124291925f1a26446da31a5178f9483862233b23c0c96a20701f670c"
            ],
            "index": "pypi",
            "markers": "python_version >= '3.9'",
            "version": "==3.1.3"
        },
        "idna": {
            "hashes": [
                "sha256:048adeaf8c2d788c40fee287673ccaa74c24ffd8dcf09ffa555a2fbb59f10ac8",
                "sha256:ca962446ea538f7092a95e057da437618e886f4d349216d2b1e294abfdb65fdc"
            ],
            "index": "pypi",
            "markers": "python_version >= '3.8'",
            "version": "==3.15"
        },
        "importlib-metadata": {
            "hashes": [
                "sha256:15584cf2b1bf449d98ff8a6ff1abef57bf20f3ac6454f431736cd3e660921b2f",
                "sha256:188bd24e4c346d3f0a933f275c2fec67050326a856b9a359881d7c2a697e8812"
            ],
            "markers": "python_version >= '3.8'",
            "version": "==8.0.0"
        },
        "itsdangerous": {
            "hashes": [
                "sha256:c6242fc49e35958c8b15141343aa660db5fc54d4f13a1db01a3f5891b98700ef",
                "sha256:e0050c0b7da1eea53ffaf149c0cfbb5c6e2e2b69c4bef22c81fa6eb73e5f6173"
            ],
            "markers": "python_version >= '3.8'",
            "version": "==2.2.0"
        },
        "jinja2": {
            "hashes": [
                "sha256:0137fb05990d35f1275a587e9aee6d56da821fc83491a0fb838183be43f66d6d",
                "sha256:85ece4451f492d0c13c5dd7c13a64681a86afae63a5f347908daf103ce6d2f67"
            ],
            "markers": "python_version >= '3.7'",
            "version": "==3.1.6"
        },
        "jmespath": {
            "hashes": [
                "sha256:02e2e4cc71b5bcab88332eebf907519190dd9e6e82107fa7f83b1003a6252980",
                "sha256:90261b206d6defd58fdd5e85f478bf633a2901798906be2ad389150c5c60edbe"
            ],
            "markers": "python_version >= '3.7'",
            "version": "==1.0.1"
        },
        "markupsafe": {
            "hashes": [
                "sha256:007e1ffd9bf65bb6ee96df7b258fc632a4868dd5566037986c64781f35a36e98",
                "sha256:02fa4acbc6a3fc5c693c34d4dd8c1130b7fe99cc915181b0ddd6f72aeb296002",
                "sha256:03470d1a8268e692ecf79ecd565593e59d44219377a7ead61f1f1b94c1f7ff6b",
                "sha256:04e7902ba80ee4bac1d50a549606527a1dcf0476cd81403db41099d3b60ec653",
                "sha256:051417f74bcaaefa316276e0ff723f541616ca51043d070da00249d9bddd3e3c",
                "sha256:05295589e619b9bed252a86b532b8e27350abc372d18ba89b59375325e91ec1e",
                "sha256:06de8ef6331f6e822c28d577dc8bf43fe398800477c49498f38fc38b67ff33fc",
                "sha256:0764a13d34cae40db7bbf3a09b7e9b491bf4603e20b263a7a9d6b8e324975d0a",
                "sha256:077293e425f28ec737dbcad442a71752e28f8ae27cde3d68acd1fb212091cd92",
                "sha256:0930db9bdc62d22944e10b066448bb65dc9abe9112880c7cab8da54db4284d5f",
                "sha256:0cee7cb0f9a1b6892ea482237d9403b3d1b4603aee057d0ff01f0fac2d019a97",
                "sha256:0d9c47709875fdb321452056622e930c52afbc07a7d780762fbb8b4d91ce6fa4",
                "sha256:11935df9bf455ed0c04eb87bcd720f02b1fe5e02128a9430f23aed6f93336fc7",
                "sha256:12a606a492de952afcb43b59a14aaaaad120e708d3663dd0fdf2d738d427a691",
                "sha256:14bd2d845d62ab678eaf81da89d7b621b51756c72346745c1a594c09d49207a2",
                "sha256:15ba9e28640feef770374b116a6f019c21f52404aeabe516aa7f800587b98cfc",
                "sha256:18a801868a884f216e784d7d14db2a4077143ce7610440aee2ce8f734e7cfcde",
                "sha256:1c0df495a977d10460a94941799c72d5b5ab03d3858d949b55b5a66c8f371c99",
                "sha256:1caa2fa5a6184fb233153b35f654e6687bd555476f6170f29d8ee9be1a8b0af9",
                "sha256:1e1451fab512d1bcc3dc26988ec1edb0b82c2db909132872cd9356070a6b63df",
                "sha256:1f1f9477e174582b0a1b583d60b66e1f2cf5d3fe12cee985e4aedf44766600e5",
                "sha256:2628d3a8cb648ecebb3c5d6b0a1052d400e4d8b7ac0fb786be8d285b50040d17",
                "sha256:26e9867520db70d37f7fb421a7f0d8adb40171011fb84ce869afa1a83370dfa8",
                "sha256:2a6ef68ae94aed8721934072b27a3b654ea2100b97e4ab864cf1489c90926fbc",
                "sha256:2b2b1e18af909b448bb3cf9e3433366f7a8726271fc214e8b10e0f62a78c724b",
                "sha256:2cb3dd71fc6be918ad4264346a8ed69485f9b7ed7bf35495d8e22807cd6b8bea",
                "sha256:2d1b7d9308288661f56672b1b157d75fc536714d3638487bbea17b6318a78248",
                "sha256:2dad610540cb2e6272855c178f08ae9a1c7ac258a7fb71660553a5f104b42741",
                "sha256:2e5a7cd7fdd14fcb1ae5d7d8bf23d24fbd1daefd1fbca2580132e1ea75f098b5",
                "sha256:2e9ad7dd851bf45fab9f75cbff4cb493fee9979e8d8c7c9c3ee119022518edd6",
                "sha256:340cbb1957ba99929cbf19a75626d36ba1ae21d1730b287d1cf7f824a20c4fc7",
                "sha256:34bdde374c5932765d7dc685c4a1d191a3207852d67e8e0a9eb6ea85156181f1",
                "sha256:353bd63081912ab8cfa6a0c7d185934cdf8426f04c618bba6bc4b394f2069b67",
                "sha256:387d8cd30e69b3f0a72877b9ae717033396404e19095b17fe89753a981fda44f",
                "sha256:3882fb412298575bae3b9c46868251f15cc69307359f87bb1b382e53d6e5a2c9",
                "sha256:38fc55594dab834470b6733dead2ee9e3f657fb0608c769dcafa0ba5ab52f45c",
                "sha256:396ec4e65cc889f69786b3b89478b471cee5a3bcf468b9d9bb03e1a30fb291fc",
                "sha256:39dbacefc411633db5b4378b066a9aca70a3d7e2922c9e578d825f844026eeba",
                "sha256:3a93d9616ddecfb393727a0041a562cf0b15a244e20f2bd25efc7949be4c4f17",
                "sha256:3d23795802fc8bd72534836d64489bbf0f67c088959091bdb22e10735a5107bf",
                "sha256:434139499bb20b502ed3baa1f169e618f924a97e7a777fea1a49446d80106cf6",
                "sha256:436e3ffc6310d3c41878c601db29098102fe5d8a467c49da4a4125254e0980f2",
                "sha256:489505b03f692c3f376394e49194fa7a7f9e8558d6e293a7056a0032b0c38163",
                "sha256:4a540e2d3192792fc84eced57bef37851ccb2b41f73291bb17408eea77bcd278",
                "sha256:4a7cdc2a420ca01058182da4253329764d4bfa055564d1eced90e6ba1e8b1d3d",
                "sha256:4bced6e2a6dba6a28f7dd3c6ce14df1b2dd495923f16ea484cad03decd463b2b",
                "sha256:4cf3468d5ec187ffffcaca8e61929a37448f215dafc1386a12c750a72fe53634",
                "sha256:4e2c4809c14559aa7ef426f27fb35afbb38104c349a903bf8f3600456764bb38",
                "sha256:4ed644d75aa94a2baf7ec3a96eaa160ea58c742eb9d27c6506053c5c40fc84ed",
                "sha256:4f6e0852a0283b1b1fd776eeb7b766a5f440b3e2bd31ab51af3b400585f3965c",
                "sha256:5066b244f576f91afc8ee3ba029a89f99d39c79b1853fe9d39bea9f0afbec148",
                "sha256:5086f9975abb1ab531ee6afca1761e4b59a19b446f3f6522ed776963228cfe5a",
                "sha256:50b5bedc9ed8a94fc8857a42ef4f84a81ea88f8d4f05dc8705fb23ee6d8dcca7",
                "sha256:52704c5d36eb6dda8866493decd61111fff86244c9b1ad225ca01b9e91e5970f",
                "sha256:55ffd6ce583d97dc71dc92e930324c8c0d25aea7e3ade6ae54ef77cedb096811",
                "sha256:569d65055d367e3dcdf30c3f41119467b73d9ee9faf332bdf40402644f5ac08e",
                "sha256:57f9947a7e57a081c1e3e0a2dd0d2dcf290a4531450e6f611e30084c222a7295",
                "sha256:5989cb26b2e1efc6a42216a9f6b5ee495ce5ace2e5b352a9af489976b32d1ee2",
                "sha256:5c22873ad1f0532ba40fa1727f3c0fc1bbbaab6d373d4cbe3f0dc74b2e2521c7",
                "sha256:5e8b3d0b18fd623afa12ecb2ce8d8becef69f9b5440c6330c7972200e0bb84b0",
                "sha256:61631e08084be9e21a8967ec3139c7616ed7c5e9368e05c86d1b39562c8a57b6",
                "sha256:64511c54db4e4987aef4c41923235927428729e8174c5dba488429be70a998ed",
                "sha256:6669c1bf34080161ce49c589cc512ef24d4c704ac9d2b2d3667f519c60418378",
                "sha256:672d207103e6b16ca098611b0f9efad6bc00afd47c03d6ef62186495ca677dc0",
                "sha256:6768d67d1bce64270e0fdc2e69309d68b9b18ae56ddf6c711d168e9d051c2cac",
                "sha256:6a45c3d514f2436064db00d7fc8778d888f0236ebfed649b53d13a59e69ad51b",
                "sha256:6bd9e1788e15bfcf6a9082de42e30387e7b85d211ab21e57a939bb8cfaaf8d96",
                "sha256:6d2a9efe686f9de00d0d1ea32a4a5a86d558a2277501bd78d964214eab625e59",
                "sha256:6da83a088f8ef93b2d483a8232a4dbf4d69d3d8496b568a03c56becac43e1808",
                "sha256:7018d4af1cd272e847aa5917983ab5e83e4f6579f9dbfecd4a79c0ca80b144c2",
                "sha256:71f88e749ea29f67f21f3b36433c1dc54c7729ed2a6d9e2da2e0d9e0d7b224eb",
                "sha256:737c9c3981998eba27f11786f84fddcbabc74068b72a4a1f454ea02094b57b65",
                "sha256:73e77980c7207854f00fc4e71fb1626868d5740ab4012623d55c7a99ad122a72",
                "sha256:799c39bdf5e2f1292fedd3009f7b3c9e760f10b2420cb9638d56920840ff6db8",
                "sha256:7a83aa6e4805df46fed18e989d3d16f86ef60cb50bbc8d9ce3a6be89165fbf6e",
                "sha256:7d3391b2188d18737cb2fa147028b1096236eaa7e156446c650a489fa2cadc91",
                "sha256:7e1636da3d8dfc220b6dd10264db5f2b165e4888c4518594898fbe381049af8a",
                "sha256:805c8b84534fa10891890f0e4be39f3a99e94615d93e8836bf9fa1fdca2feeb2",
                "sha256:811d02d5122171c1941357efd8f9bf4ffe907b7f0a1a4e729a880e4be3f46e3e",
                "sha256:8138eb83940ec7299024d92d4dee45f601b9e6c5ffde9d25f4e35e326203c707",
                "sha256:83b3944fea42a8400edf92fd1770fb8d0d4f7de651353bd2d8525a92dba69a21",
                "sha256:849dd2bb0e5e4ab2b71c7191726a4a8d5aa8a610daa584728cbee0b710ddc4ef",
                "sha256:8698d70a8081ee8c090dbb394768b5789a1da8b131b5499f89d071dd3cfaf6be",
                "sha256:8781a792a070cf2bd1b86d3aa943894115faaba6e88122a7bf32d62072742453",
                "sha256:88d59b473bfb03259722600839af9bbd7fa13a2eb514beefeedb95997882f69a",
                "sha256:8909c2f1c6dd65e054ac4b573a91c8384d1492281e55d82d159d653f7a13adf6",
                "sha256:8965520ac587c94a4ac48b729be3d8b8de00af39699b17585dfb599babe77977",
                "sha256:8b5d563170ff8ba3181caa967c99a3c804d1dedb702c7cb93a6a7c32247da978",
                "sha256:8e124f974786f831d6043728e38296969d3579db8896fe004682f5758e613581",
                "sha256:8f0fac8b13d14bb06c68195f849371924ae53dd7b1c00fed24650f704383b692",
                "sha256:9240187afb63d2f9ddc3e032c670356fe941f6e20662ea168a5dc3f1f317e1b3",
                "sha256:925f929d6b59a8b3f8b8c6ac363cd0af7eecc81efb3071770b3c6717c450a369",
                "sha256:9348cbb300d224fe3b89793262cb093504d4ae927004468463f745188a193e4a",
                "sha256:9388003072b95f2f1e3fd908604194d653ba21330d811961a78b7da1a77e9e36",
                "sha256:9438a2648b2195980cb2dd8e53ed7b8df91319e2d0b70ae61a9e1d1bc8d3bec9",
                "sha256:94e4c421742086aeee4c32a506eec8859d7634aad943f7e6aacf70f813478768",
                "sha256:94f5407f7bc64fa6463906b896f9904beeeb7dd8dc116ee8e9056c8714ff9916",
                "sha256:971a3bbb75d97ae4e2e8f7d4834236f86f85f0c85e04ab2e191db1123b04f80b",
                "sha256:9e227f3dbe6bde7491cf0a9965d00b88c6b1a4a95d11480ddf88bb96d397c19f",
                "sha256:9e25feb9e330b63edb0278a0acdf85e50d0cb0fbf49c3084abbe4e24ae195346",
                "sha256:9f098115c247e11d138ab83a28fa0323c77015007ea2df73ba5fd714dfefd67c",
                "sha256:a18f38cafc329bac5e3c2b96c765b4c96d3d103421ed22ab7988c1e3fce27464",
                "sha256:a4bbd2d87dd233b9fc5812160c3d0ffbe42edc22a26ce0469f58479ede633fe9",
                "sha256:a5fcffb37e602b0b3c1638a97746b9b96125caa9bcf6fa41d337a9261de231ee",
                "sha256:a8e9f292fcda89b324f2f5c91d13f1424a153e40fc2756f38ee23b15835ff300",
                "sha256:a9f54054101545a9a9cccefddf54316aa6e4491611fcbef9e91b3b6bebec04f6",
                "sha256:aa2c838cc024642cc04c6854232f32b43e5e22833dd11119c1766c7873b8370d",
                "sha256:ac0c7c9f1609b0c4c114feb1d7a3409564c7fb77e360bed9e97e5d25dfeaf868",
                "sha256:add96447a86d205ab616665d53b2950ee81083757f56e6ea833c8b2917646b46",
                "sha256:ae9dcb8fbe244cb82f8a6458b455b927a03685e383d9bacf1ea5ce180b96dc97",
                "sha256:b4a635a0487774f841cb1fb62e907e7195cc95bc761e053184b8acc3ceb20733",
                "sha256:b4d12837e0203bbace818ff4a7461afdcd78bcd782351cea148139180d7bcffe",
                "sha256:b61687d0828e72bf5cda24a2690188f37170bd31c9359ac97e4e66569f120a16",
                "sha256:b807e598953730f82e4eae3bd30f6a122cf6b31c398c6b504c0e04c13c170429",
                "sha256:b8cd1f918b26fd7b1832ece557cc18f2d8747309ff8b3f0ef9d4250c5ad67a39",
                "sha256:b91cc9d336957239ff200f30097e6fea2dc6d6fb3c81e853eaa09eac904fd894",
                "sha256:bd3ce56ae2cbae3ba82b683bc425cd7e48d2ed8b10f3e818186b6f5646d9271c",
                "sha256:be6cb0c799abb0e2ba3e618e6d28ddddf7e485f6c2ce938dfa237daf3905072c",
                "sha256:befb4158af32106b9a93db8d6d1d1cbbd418c0d5aca0cabb7b1780abf0c89169",
                "sha256:bf053da3c97a4bc5ecfbb218cdd2983febd91c617be8367d139882aa11e490aa",
                "sha256:c02e8f18bdedba082cef725942ac823b9b60656db07f7e265cb31618dfd00d77",
                "sha256:c1bc67752d5f21013cfe430df4062441714eab79f65a6a05e01505957e9c35fe",
                "sha256:c61750fadcd119d0825bcb7d7d675dd264dcc89cc05292aab5be68ebdbb374ad",
                "sha256:c90d5b3d4e944e065a301d741b3c1d784f6bd1f503aa68b4967e32b2ba313d85",
                "sha256:c9a7f43c0b202b334cc9184af09bb8f21d3a209e038efaf106936fb69e6b026e",
                "sha256:cb96e6e088d6cf71c1ea977510948320234824cf226e32f6f6e044f7a9c82b34",
                "sha256:cf63c214fe879a65e69a386f915e36104fc84254ab141240f8854602d8e0be2a",
                "sha256:d1aca03ede943eb80ab3d63bb082c84b7aab85ea83bd0fd0c200260945fb49d9",
                "sha256:d2e56fd3b00222722abfb3f5f0759ddbae4b90811b5ad4343c64030ad1bde70c",
                "sha256:d5f93ebbeb8032d47e349328ec8662d973d9b05a70b3c35df1f91fe419b84749",
                "sha256:d882a373d8093c2941e01291b7ced96e9cbe4781da9a7751ca7e6c70385e5214",
                "sha256:d920abdfa61279ba1a2ef9484aab07bf03331f8c08a10120fa332353d06e6932",
                "sha256:da2af0d7aebfc2074080d72efa6ab8317c62481ef1f896f65d9999c1c01f4494",
                "sha256:dd8ea6ebee7aedbf7c749fa80521d9ccf1ba473e0d1e14805caafbaad281c889",
                "sha256:de8b364c423ef0a4bad9069657d617f9a5d2b2062457a89b1fa16ee199c399c1",
                "sha256:df1ae86ff54725a01fa1a0510b914ca53a161b7050be74f6204e24aded5971d0",
                "sha256:dff05cb7016dff1e9fd68f4122c127b65dfc59de5306cfb7ad92f956f230bee2",
                "sha256:e1a622f13970d81f95d0c72f9dc090dce9085fccfa4c9f2174377ee32bd15786",
                "sha256:e49fb0d1ce92cfa0cb198cc5b1b11cdf9d0638658e2a2db2687e39db7c87fc78",
                "sha256:e5c802729725bd07e2bc3ab7b76dc7e0bbfc53129d8f1eb1c002c24cf774717e",
                "sha256:e841068dc0be4cb6dfb5c890eb88cbdcff2f4a332393c7ec94e8e618bd32c1a8",
                "sha256:e916035e3e9930cbdfdd10abf48861340221857f45509565898e012263f7b289",
                "sha256:eba154571c16e032112afac0dc2dfe9e63c2ceb7aedd07bb7eecf2ce26d4dd4c",
                "sha256:f03460ff076f70ab595bb45a0205ccea1971443575b6920c52e755dec2b3fbfe",
                "sha256:f0ec3b750b59375eab5b0fb2b9254810c00a3375be6d789899f1055a1d556237",
                "sha256:f291bcf42ae98eb5107edb162c3c998b4a89648fd8e99ed4cbd12705292788cd",
                "sha256:f61efe1d2fe0de16158a5fe1d1cf3c14bdb6aecd54d8938fd26512c525c1f624",
                "sha256:f68edfc67aabac33708941f26f22a7b8e9f81429bc0cf249fcf7d66b23af8d19",
                "sha256:fa95848c929b6a75f6848d3c9793e59db365ee436776e57db835cdbfa79ba977",
                "sha256:fd9f8797427910198f95bced71ddfed61130d7e349213bfb8466c9c99e2c46a8",
                "sha256:fdb4ca07ab75ffadab4a8b135ad59cdbb3156b99310f3d565370da74a15d6bd3"
            ],
            "markers": "python_version >= '3.9'",
            "version": "==3.0.4"
        },
        "nest-asyncio": {
            "hashes": [
                "sha256:6f172d5449aca15afd6c646851f4e31e02c598d553a667e38cafa997cfec55fe",
                "sha256:87af6efd6b5e897c81050477ef65c62e2b2f35d51703cae01aff2905b1852e1c"
            ],
            "markers": "python_version >= '3.5'",
            "version": "==1.6.0"
        },
        "numpy": {
            "hashes": [
                "sha256:04494f6ec467ccb5369d1808570ae55f6ed9b5809d7f035059000a37b8d7e86f",
                "sha256:0a43f0974d501842866cc83471bdb0116ba0dffdbaac33ec05e6afed5b615238",
                "sha256:0e50842b2295ba8414c8c1d9d957083d5dfe9e16828b37de883f51fc53c4016f",
                "sha256:0ec84b9ba0654f3b962802edc91424331f423dcf5d5f926676e0150789cb3d95",
                "sha256:17067d097ed036636fa79f6a869ac26df7db1ba22039d962422506640314933a",
                "sha256:1cde1753efe513705a0c6d28f5884e22bdc30438bf0085c5c486cdaff40cd67a",
                "sha256:1e72728e7501a450288fc8e1f9ebc73d90cfd4671ebbd631f3e7857c39bd16f2",
                "sha256:2635dbd200c2d6faf2ef9a0d04f0ecc6b13b3cad54f7c67c61155138835515d2",
                "sha256:2ce46fd0b8a0c947ae047d222f7136fc4d55538741373107574271bc00e20e8f",
                "sha256:34f003cb88b1ba38cb9a9a4a3161c1604973d7f9d5552c38bc2f04f829536609",
                "sha256:354f373279768fa5a584bac997de6a6c9bc535c482592d7a813bb0c09be6c76f",
                "sha256:38ecb5b0582cd125f67a629072fed6f83562d9dd04d7e03256c9829bdec027ad",
                "sha256:3e8e01233d57639b2e30966c63d36fcea099d17c53bf424d77f088b0f4babd86",
                "sha256:3f6bed7f840d44c08ebdb73b1825282b801799e325bcbdfa6bc5c370e5aecc65",
                "sha256:4554eb96f0fd263041baf16cf0881b3f5dafae7a59b1049acb9540c4d57bc8cb",
                "sha256:46e161722e0f619749d1cd892167039015b2c2817296104487cd03ed4a955995",
                "sha256:49d9f7d256fbc804391a7f72d4a617302b1afac1112fac19b6c6cec63fe7fe8a",
                "sha256:4d2f62e55a4cd9c58c1d9a1c9edaedcd857a73cb6fda875bf79093f9d9086f85",
                "sha256:5f64641b42b2429f56ee08b4f427a4d2daf916ec59686061de751a55aafa22e4",
                "sha256:63b92c512d9dbcc37f9d81b123dec99fdb318ba38c8059afc78086fe73820275",
                "sha256:6d7696c615765091cc5093f76fd1fa069870304beaccfd58b5dcc69e55ef49c1",
                "sha256:79e843d186c8fb1b102bef3e2bc35ef81160ffef3194646a7fdd6a73c6b97196",
                "sha256:821eedb7165ead9eebdb569986968b541f9908979c2da8a4967ecac4439bae3d",
                "sha256:84554fc53daa8f6abf8e8a66e076aff6ece62de68523d9f665f32d2fc50fd66e",
                "sha256:8d83bb187fb647643bd56e1ae43f273c7f4dbcdf94550d7938cfc32566756514",
                "sha256:903703372d46bce88b6920a0cd86c3ad82dae2dbef157b5fc01b70ea1cfc430f",
                "sha256:9416a5c2e92ace094e9f0082c5fd473502c91651fb896bc17690d6fc475128d6",
                "sha256:9a1712c015831da583b21c5bfe15e8684137097969c6d22e8316ba66b5baabe4",
                "sha256:9c27f0946a3536403efb0e1c28def1ae6730a72cd0d5878db38824855e3afc44",
                "sha256:a356364941fb0593bb899a1076b92dfa2029f6f5b8ba88a14fd0984aaf76d0df",
                "sha256:a7039a136017eaa92c1848152827e1424701532ca8e8967fe480fe1569dae581",
                "sha256:acd3a644e4807e73b4e1867b769fbf1ce8c5d80e7caaef0d90dcdc640dfc9787",
                "sha256:ad0c86f3455fbd0de6c31a3056eb822fc939f81b1618f10ff3406971893b62a5",
                "sha256:b4c76e3d4c56f145d41b7b6751255feefae92edbc9a61e1758a98204200f30fc",
                "sha256:b6f6a8f45d0313db07d6d1d37bd0b112f887e1369758a5419c0370ba915b3871",
                "sha256:c5a59996dc61835133b56a32ebe4ef3740ea5bc19b3983ac60cc32be5a665d54",
                "sha256:c73aafd1afca80afecb22718f8700b40ac7cab927b8abab3c3e337d70e10e5a2",
                "sha256:cee6cc0584f71adefe2c908856ccc98702baf95ff80092e4ca46061538a2ba98",
                "sha256:cef04d068f5fb0518a77857953193b6bb94809a806bd0a14983a8f12ada060c9",
                "sha256:cf5d1c9e6837f8af9f92b6bd3e86d513cdc11f60fd62185cc49ec7d1aba34864",
                "sha256:e61155fae27570692ad1d327e81c6cf27d535a5d7ef97648a17d922224b216de",
                "sha256:e7f387600d424f91576af20518334df3d97bc76a300a755f9a8d6e4f5cadd289",
                "sha256:ed08d2703b5972ec736451b818c2eb9da80d66c3e84aed1deeb0c345fefe461b",
                "sha256:fbd6acc766814ea6443628f4e6751d0da6593dae29c08c0b2606164db026970c",
                "sha256:feff59f27338135776f6d4e2ec7aeeac5d5f7a08a83e80869121ef8164b74af9"
            ],
            "markers": "python_version < '3.11'",
            "version": "==2.0.0"
        },
        "openpyxl": {
            "hashes": [
                "sha256:8d2c8adf5d20d6ce8f9bca381df86b534835e974ed0156dacefa76f68c1d69fb",
                "sha256:ec17f6483f2b8f7c88c57e5e5d3b0de0e3fb9ac70edc084d28e864f5b33bbefd"
            ],
            "index": "pypi",
            "markers": "python_version >= '3.8'",
            "version": "==3.1.4"
        },
        "packaging": {
            "hashes": [
                "sha256:026ed72c8ed3fcce5bf8950572258698927fd1dbda10a5e981cdf0ac37f4f002",
                "sha256:5b8f2217dbdbd2f7f384c41c628544e6d52f2d0f53c6d0c3ea61aa5d1d7ff124"
            ],
            "markers": "python_version >= '3.8'",
            "version": "==24.1"
        },
        "pandas": {
            "hashes": [
                "sha256:001910ad31abc7bf06f49dcc903755d2f7f3a9186c0c040b827e522e9cef0863",
                "sha256:0ca6377b8fca51815f382bd0b697a0814c8bda55115678cbc94c30aacbb6eff2",
                "sha256:0cace394b6ea70c01ca1595f839cf193df35d1575986e484ad35c4aeae7266c1",
                "sha256:1cb51fe389360f3b5a4d57dbd2848a5f033350336ca3b340d1c53a1fad33bcad",
                "sha256:2925720037f06e89af896c70bca73459d7e6a4be96f9de79e2d440bd499fe0db",
                "sha256:3e374f59e440d4ab45ca2fffde54b81ac3834cf5ae2cdfa69c90bc03bde04d76",
                "sha256:40ae1dffb3967a52203105a077415a86044a2bea011b5f321c6aa64b379a3f51",
                "sha256:43498c0bdb43d55cb162cdc8c06fac328ccb5d2eabe3cadeb3529ae6f0517c32",
                "sha256:4abfe0be0d7221be4f12552995e58723c7422c80a659da13ca382697de830c08",
                "sha256:58b84b91b0b9f4bafac2a0ac55002280c094dfc6402402332c0913a59654ab2b",
                "sha256:640cef9aa381b60e296db324337a554aeeb883ead99dc8f6c18e81a93942f5f4",
                "sha256:66b479b0bd07204e37583c191535505410daa8df638fd8e75ae1b383851fe921",
                "sha256:696039430f7a562b74fa45f540aca068ea85fa34c244d0deee539cb6d70aa288",
                "sha256:6d2123dc9ad6a814bcdea0f099885276b31b24f7edf40f6cdbc0912672e22eee",
                "sha256:8635c16bf3d99040fdf3ca3db669a7250ddf49c55dc4aa8fe0ae0fa8d6dcc1f0",
                "sha256:873d13d177501a28b2756375d59816c365e42ed8417b41665f346289adc68d24",
                "sha256:8e5a0b00e1e56a842f922e7fae8ae4077aee4af0acb5ae3622bd4b4c30aedf99",
                "sha256:8e90497254aacacbc4ea6ae5e7a8cd75629d6ad2b30025a4a8b09aa4faf55151",
                "sha256:9057e6aa78a584bc93a13f0a9bf7e753a5e9770a30b4d758b8d5f2a62a9433cd",
                "sha256:90c6fca2acf139569e74e8781709dccb6fe25940488755716d1d354d6bc58bce",
                "sha256:92fd6b027924a7e178ac202cfbe25e53368db90d56872d20ffae94b96c7acc57",
                "sha256:9dfde2a0ddef507a631dc9dc4af6a9489d5e2e740e226ad426a05cabfbd7c8ef",
                "sha256:9e79019aba43cb4fda9e4d983f8e88ca0373adbb697ae9c6c43093218de28b54",
                "sha256:a77e9d1c386196879aa5eb712e77461aaee433e54c68cf253053a73b7e49c33a",
                "sha256:c7adfc142dac335d8c1e0dcbd37eb8617eac386596eb9e1a1b77791cf2498238",
                "sha256:d187d355ecec3629624fccb01d104da7d7f391db0311145817525281e2804d23",
                "sha256:ddf818e4e6c7c6f4f7c8a12709696d193976b591cc7dc50588d3d1a6b5dc8772",
                "sha256:e9b79011ff7a0f4b1d6da6a61aa1aa604fb312d6647de5bad20013682d1429ce",
                "sha256:eee3a87076c0756de40b05c5e9a6069c035ba43e8dd71c379e68cab2c20f16ad"
            ],
            "index": "pypi",
            "markers": "python_version >= '3.9'",
            "version": "==2.2.2"
        },
        "plotly": {
            "hashes": [
                "sha256:68fc1901f098daeb233cc3dd44ec9dc31fb3ca4f4e53189344199c43496ed006",
                "sha256:859fdadbd86b5770ae2466e542b761b247d1c6b49daed765b95bb8c7063e7469"
            ],
            "index": "pypi",
            "markers": "python_version >= '3.8'",
            "version": "==5.22.0"
        },
        "psycopg2": {
            "hashes": [
                "sha256:121081ea2e76729acfb0673ff33755e8703d45e926e416cb59bae3a86c6a4981",
                "sha256:38a8dcc6856f569068b47de286b472b7c473ac7977243593a288ebce0dc89516",
                "sha256:426f9f29bde126913a20a96ff8ce7d73fd8a216cfb323b1f04da402d452853c3",
                "sha256:5e0d98cade4f0e0304d7d6f25bbfbc5bd186e07b38eac65379309c4ca3193efa",
                "sha256:7e2dacf8b009a1c1e843b5213a87f7c544b2b042476ed7755be813eaf4e8347a",
                "sha256:a7653d00b732afb6fc597e29c50ad28087dcb4fbfb28e86092277a559ae4e693",
                "sha256:ade01303ccf7ae12c356a5e10911c9e1c51136003a9a1d92f7aa9d010fb98372",
                "sha256:bac58c024c9922c23550af2a581998624d6e02350f4ae9c5f0bc642c633a2d5e",
                "sha256:c92811b2d4c9b6ea0285942b2e7cac98a59e166d59c588fe5cfe1eda58e72d59",
                "sha256:d1454bde93fb1e224166811694d600e746430c006fbb031ea06ecc2ea41bf156",
                "sha256:d735786acc7dd25815e89cc4ad529a43af779db2e25aa7c626de864127e5a024",
                "sha256:de80739447af31525feddeb8effd640782cf5998e1a4e9192ebdf829717e3913",
                "sha256:ff432630e510709564c01dafdbe996cb552e0b9f3f065eb89bdce5bd31fabf4c"
            ],
            "index": "pypi",
            "markers": "python_version >= '3.7'",
            "version": "==2.9.9"
        },
        "python-dateutil": {
            "hashes": [
                "sha256:37dd54208da7e1cd875388217d5e00ebd4179249f90fb72437e91a35459a0ad3",
                "sha256:a8b2bc7bffae282281c8140a97d3aa9c14da0b136dfe83f850eea9a5f7470427"
            ],
            "markers": "python_version >= '2.7' and python_version not in '3.0, 3.1, 3.2'",
            "version": "==2.9.0.post0"
        },
        "pytz": {
            "hashes": [
                "sha256:2a29735ea9c18baf14b448846bde5a48030ed267578472d8955cd0e7443a9812",
                "sha256:328171f4e3623139da4983451950b28e95ac706e13f3f2630a879749e7a8b319"
            ],
            "version": "==2024.1"
        },
        "requests": {
            "hashes": [
                "sha256:3324635456fa185245e24865e810cecec7b4caf933d7eb133dcde67d48cee69b",
                "sha256:c7ebc5e8b0f21837386ad0e1c8fe8b829fa5f544d8df3b2253bff14ef29d7652"
            ],
            "index": "pypi",
            "markers": "python_version >= '3.10'",
            "version": "==2.33.0"
        },
        "retrying": {
            "hashes": [
                "sha256:345da8c5765bd982b1d1915deb9102fd3d1f7ad16bd84a9700b85f64d24e8f3e",
                "sha256:8cc4d43cb8e1125e0ff3344e9de678fefd85db3b750b81b2240dc0183af37b35"
            ],
            "version": "==1.3.4"
        },
        "s3transfer": {
            "hashes": [
                "sha256:0711534e9356d3cc692fdde846b4a1e4b0cb6519971860796e6bc4c7aea00ef6",
                "sha256:eca1c20de70a39daee580aef4986996620f365c4e0fda6a86100231d62f1bf69"
            ],
            "markers": "python_version >= '3.8'",
            "version": "==0.10.2"
        },
        "setuptools": {
            "hashes": [
                "sha256:025bccbbf0fa05b6192bc64ae1e7b16e001fd6d6d4d5de03c97b1c1ade523bef",
                "sha256:29b23c360f22f414dc7336bb39178cc7bcbf6021ed2733cde173f09dba19abb3"
            ],
            "index": "pypi",
            "markers": "python_version >= '3.10'",
            "version": "==83.0.0"
        },
        "six": {
            "hashes": [
                "sha256:1e61c37477a1626458e36f7b1d82aa5c9b094fa4802892072e49de9c60c4c926",
                "sha256:8abb2f1d86890a2dfb989f9a77cfcfd3e47c2a354b01111771326f8aa26e0254"
            ],
            "markers": "python_version >= '2.7' and python_version not in '3.0, 3.1, 3.2'",
            "version": "==1.16.0"
        },
        "tenacity": {
            "hashes": [
                "sha256:9e6f7cf7da729125c7437222f8a522279751cdfbe6b67bfe64f75d3a348661b2",
                "sha256:cd80a53a79336edba8489e767f729e4f391c896956b57140b5d7511a64bbd3ef"
            ],
            "markers": "python_version >= '3.8'",
            "version": "==8.4.2"
        },
        "typing-extensions": {
            "hashes": [
                "sha256:04e5ca0351e0f3f85c6853954072df659d0d13fac324d0072316b67d7794700d",
                "sha256:1a7ead55c7e559dd4dee8856e3a88b41225abfe1ce8df57b7c13915fe121ffb8"
            ],
            "markers": "python_version >= '3.8'",
            "version": "==4.12.2"
        },
        "tzdata": {
            "hashes": [
                "sha256:2674120f8d891909751c38abcdfd386ac0a5a1127954fbc332af6b5ceae07efd",
                "sha256:9068bc196136463f5245e51efda838afa15aaeca9903f49050dfa2679db4d252"
            ],
            "markers": "python_version >= '2'",
            "version": "==2024.1"
        },
        "urllib3": {
            "hashes": [
                "sha256:0cf3cae568d36aa9576b28dfb35f11328f1cb974ca7647d9475ebb86c75ac6e3",
                "sha256:63bf2ead4c879426ebf22ef2a781eeb4aa3b4ae798a0435506f8687fd5bb9b63"
            ],
            "index": "pypi",
            "markers": "python_version >= '3.10'",
            "version": "==2.8.0"
        },
        "werkzeug": {
            "hashes": [
                "sha256:55ca7c70a75689be937aa27f8ff4b018f06ff4838fc73045560bf0f5a1291060",
                "sha256:6392e50c78460ba618e5b21f08a71f59c99ce99cdc6cf6e3dd7e6ccca8754fab"
            ],
            "index": "pypi",
            "markers": "python_version >= '3.9'",
            "version": "==3.1.9"
        },
        "zipp": {
            "hashes": [
                "sha256:bf1dcf6450f873a13e952a29504887c89e6de7506209e5b1bcc3460135d4de19",
                "sha256:f091755f667055f2d02b32c53771a7a6c8b47e1fdbc4b72a8b9072b3eef8015c"
            ],
            "markers": "python_version >= '3.8'",
            "version": "==3.19.2"
        }
    },
    "develop": {}
}
